PODS:
  - DEACRollingNumberLabel (0.1.0)

DEPENDENCIES:
  - DEACRollingNumberLabel (from `../`)

EXTERNAL SOURCES:
  DEACRollingNumberLabel:
    :path: "../"

SPEC CHECKSUMS:
  DEACRollingNumberLabel: bcfef36c97f7a80612bed334db42bcfffc9bf599

PODFILE CHECKSUM: 790ba6e62bfb605e800ee924e7162d2dfb6077e9

COCOAPODS: 1.14.2
